
Microsoft Visual Studio Solution File, Format Version 12.00
# Visual Studio Version 16
VisualStudioVersion = 16.0.29721.120
MinimumVisualStudioVersion = 10.0.40219.1
Project("{9A19103F-16F7-4668-BE54-9A1E7A4F7556}") = "GAP.Medical.Appointment.Application", "GAP.Medical.Appointment.Application\GAP.Medical.Appointment.Application.csproj", "{644F27D6-160B-41D7-8DBB-1BFC68C05192}"
	ProjectSection(ProjectDependencies) = postProject
		{9D6F3706-C2D9-40AA-93B8-6ED0D3750A1B} = {9D6F3706-C2D9-40AA-93B8-6ED0D3750A1B}
	EndProjectSection
EndProject
Project("{9A19103F-16F7-4668-BE54-9A1E7A4F7556}") = "GAP.Medical.Appointment.Domain", "GAP.Medical.Appointment.Domain\GAP.Medical.Appointment.Domain.csproj", "{9D6F3706-C2D9-40AA-93B8-6ED0D3750A1B}"
EndProject
Project("{9A19103F-16F7-4668-BE54-9A1E7A4F7556}") = "GAP.Medical.Appointment.Infrastructure", "GAP.Medical.Appointment.Infrastructure\GAP.Medical.Appointment.Infrastructure.csproj", "{4EDE5534-EE31-48DB-B9A1-12CD02008A58}"
	ProjectSection(ProjectDependencies) = postProject
		{9D6F3706-C2D9-40AA-93B8-6ED0D3750A1B} = {9D6F3706-C2D9-40AA-93B8-6ED0D3750A1B}
		{644F27D6-160B-41D7-8DBB-1BFC68C05192} = {644F27D6-160B-41D7-8DBB-1BFC68C05192}
	EndProjectSection
EndProject
Project("{2150E333-8FDC-42A3-9474-1A3956D46DE8}") = "Test", "Test", "{D636547A-F0B0-495C-9805-CE0AF92849B4}"
EndProject
Project("{9A19103F-16F7-4668-BE54-9A1E7A4F7556}") = "GAP.Medical.Appointment.Api", "GAP.Medical.Appointment.Api\GAP.Medical.Appointment.Api.csproj", "{72A0959C-F5BE-426C-B38B-A680CDC7CCA0}"
EndProject
Project("{9A19103F-16F7-4668-BE54-9A1E7A4F7556}") = "GAP.Medical.Appointment.Security", "GAP.Medical.Appointment.Security\GAP.Medical.Appointment.Security.csproj", "{F3A806B6-32DA-4720-9C6B-2334B91B36D5}"
EndProject
Project("{9A19103F-16F7-4668-BE54-9A1E7A4F7556}") = "GAP.Medical.Appointment.AcceptaceTest", "GAP.Medical.Appointment.AcceptaceTest\GAP.Medical.Appointment.AcceptaceTest.csproj", "{CC4BCFAD-7CF6-44AC-B508-F324C8C00808}"
EndProject
Project("{9A19103F-16F7-4668-BE54-9A1E7A4F7556}") = "GAP.MedicalAppointment.IntegrationTest", "GAP.MedicalAppointment.IntegrationTest\GAP.MedicalAppointment.IntegrationTest.csproj", "{CD623A91-B1D0-4FE1-9EA2-515F0751F3C3}"
EndProject
Global
	GlobalSection(SolutionConfigurationPlatforms) = preSolution
		Debug|Any CPU = Debug|Any CPU
		Debug|ARM = Debug|ARM
		Debug|ARM64 = Debug|ARM64
		Debug|x64 = Debug|x64
		Debug|x86 = Debug|x86
		Release|Any CPU = Release|Any CPU
		Release|ARM = Release|ARM
		Release|ARM64 = Release|ARM64
		Release|x64 = Release|x64
		Release|x86 = Release|x86
	EndGlobalSection
	GlobalSection(ProjectConfigurationPlatforms) = postSolution
		{644F27D6-160B-41D7-8DBB-1BFC68C05192}.Debug|Any CPU.ActiveCfg = Debug|Any CPU
		{644F27D6-160B-41D7-8DBB-1BFC68C05192}.Debug|Any CPU.Build.0 = Debug|Any CPU
		{644F27D6-160B-41D7-8DBB-1BFC68C05192}.Debug|ARM.ActiveCfg = Debug|Any CPU
		{644F27D6-160B-41D7-8DBB-1BFC68C05192}.Debug|ARM.Build.0 = Debug|Any CPU
		{644F27D6-160B-41D7-8DBB-1BFC68C05192}.Debug|ARM64.ActiveCfg = Debug|Any CPU
		{644F27D6-160B-41D7-8DBB-1BFC68C05192}.Debug|ARM64.Build.0 = Debug|Any CPU
		{644F27D6-160B-41D7-8DBB-1BFC68C05192}.Debug|x64.ActiveCfg = Debug|Any CPU
		{644F27D6-160B-41D7-8DBB-1BFC68C05192}.Debug|x64.Build.0 = Debug|Any CPU
		{644F27D6-160B-41D7-8DBB-1BFC68C05192}.Debug|x86.ActiveCfg = Debug|Any CPU
		{644F27D6-160B-41D7-8DBB-1BFC68C05192}.Debug|x86.Build.0 = Debug|Any CPU
		{644F27D6-160B-41D7-8DBB-1BFC68C05192}.Release|Any CPU.ActiveCfg = Release|Any CPU
		{644F27D6-160B-41D7-8DBB-1BFC68C05192}.Release|Any CPU.Build.0 = Release|Any CPU
		{644F27D6-160B-41D7-8DBB-1BFC68C05192}.Release|ARM.ActiveCfg = Release|Any CPU
		{644F27D6-160B-41D7-8DBB-1BFC68C05192}.Release|ARM.Build.0 = Release|Any CPU
		{644F27D6-160B-41D7-8DBB-1BFC68C05192}.Release|ARM64.ActiveCfg = Release|Any CPU
		{644F27D6-160B-41D7-8DBB-1BFC68C05192}.Release|ARM64.Build.0 = Release|Any CPU
		{644F27D6-160B-41D7-8DBB-1BFC68C05192}.Release|x64.ActiveCfg = Release|Any CPU
		{644F27D6-160B-41D7-8DBB-1BFC68C05192}.Release|x64.Build.0 = Release|Any CPU
		{644F27D6-160B-41D7-8DBB-1BFC68C05192}.Release|x86.ActiveCfg = Release|Any CPU
		{644F27D6-160B-41D7-8DBB-1BFC68C05192}.Release|x86.Build.0 = Release|Any CPU
		{9D6F3706-C2D9-40AA-93B8-6ED0D3750A1B}.Debug|Any CPU.ActiveCfg = Debug|Any CPU
		{9D6F3706-C2D9-40AA-93B8-6ED0D3750A1B}.Debug|Any CPU.Build.0 = Debug|Any CPU
		{9D6F3706-C2D9-40AA-93B8-6ED0D3750A1B}.Debug|ARM.ActiveCfg = Debug|Any CPU
		{9D6F3706-C2D9-40AA-93B8-6ED0D3750A1B}.Debug|ARM.Build.0 = Debug|Any CPU
		{9D6F3706-C2D9-40AA-93B8-6ED0D3750A1B}.Debug|ARM64.ActiveCfg = Debug|Any CPU
		{9D6F3706-C2D9-40AA-93B8-6ED0D3750A1B}.Debug|ARM64.Build.0 = Debug|Any CPU
		{9D6F3706-C2D9-40AA-93B8-6ED0D3750A1B}.Debug|x64.ActiveCfg = Debug|Any CPU
		{9D6F3706-C2D9-40AA-93B8-6ED0D3750A1B}.Debug|x64.Build.0 = Debug|Any CPU
		{9D6F3706-C2D9-40AA-93B8-6ED0D3750A1B}.Debug|x86.ActiveCfg = Debug|Any CPU
		{9D6F3706-C2D9-40AA-93B8-6ED0D3750A1B}.Debug|x86.Build.0 = Debug|Any CPU
		{9D6F3706-C2D9-40AA-93B8-6ED0D3750A1B}.Release|Any CPU.ActiveCfg = Release|Any CPU
		{9D6F3706-C2D9-40AA-93B8-6ED0D3750A1B}.Release|Any CPU.Build.0 = Release|Any CPU
		{9D6F3706-C2D9-40AA-93B8-6ED0D3750A1B}.Release|ARM.ActiveCfg = Release|Any CPU
		{9D6F3706-C2D9-40AA-93B8-6ED0D3750A1B}.Release|ARM.Build.0 = Release|Any CPU
		{9D6F3706-C2D9-40AA-93B8-6ED0D3750A1B}.Release|ARM64.ActiveCfg = Release|Any CPU
		{9D6F3706-C2D9-40AA-93B8-6ED0D3750A1B}.Release|ARM64.Build.0 = Release|Any CPU
		{9D6F3706-C2D9-40AA-93B8-6ED0D3750A1B}.Release|x64.ActiveCfg = Release|Any CPU
		{9D6F3706-C2D9-40AA-93B8-6ED0D3750A1B}.Release|x64.Build.0 = Release|Any CPU
		{9D6F3706-C2D9-40AA-93B8-6ED0D3750A1B}.Release|x86.ActiveCfg = Release|Any CPU
		{9D6F3706-C2D9-40AA-93B8-6ED0D3750A1B}.Release|x86.Build.0 = Release|Any CPU
		{4EDE5534-EE31-48DB-B9A1-12CD02008A58}.Debug|Any CPU.ActiveCfg = Debug|Any CPU
		{4EDE5534-EE31-48DB-B9A1-12CD02008A58}.Debug|Any CPU.Build.0 = Debug|Any CPU
		{4EDE5534-EE31-48DB-B9A1-12CD02008A58}.Debug|ARM.ActiveCfg = Debug|Any CPU
		{4EDE5534-EE31-48DB-B9A1-12CD02008A58}.Debug|ARM.Build.0 = Debug|Any CPU
		{4EDE5534-EE31-48DB-B9A1-12CD02008A58}.Debug|ARM64.ActiveCfg = Debug|Any CPU
		{4EDE5534-EE31-48DB-B9A1-12CD02008A58}.Debug|ARM64.Build.0 = Debug|Any CPU
		{4EDE5534-EE31-48DB-B9A1-12CD02008A58}.Debug|x64.ActiveCfg = Debug|Any CPU
		{4EDE5534-EE31-48DB-B9A1-12CD02008A58}.Debug|x64.Build.0 = Debug|Any CPU
		{4EDE5534-EE31-48DB-B9A1-12CD02008A58}.Debug|x86.ActiveCfg = Debug|Any CPU
		{4EDE5534-EE31-48DB-B9A1-12CD02008A58}.Debug|x86.Build.0 = Debug|Any CPU
		{4EDE5534-EE31-48DB-B9A1-12CD02008A58}.Release|Any CPU.ActiveCfg = Release|Any CPU
		{4EDE5534-EE31-48DB-B9A1-12CD02008A58}.Release|Any CPU.Build.0 = Release|Any CPU
		{4EDE5534-EE31-48DB-B9A1-12CD02008A58}.Release|ARM.ActiveCfg = Release|Any CPU
		{4EDE5534-EE31-48DB-B9A1-12CD02008A58}.Release|ARM.Build.0 = Release|Any CPU
		{4EDE5534-EE31-48DB-B9A1-12CD02008A58}.Release|ARM64.ActiveCfg = Release|Any CPU
		{4EDE5534-EE31-48DB-B9A1-12CD02008A58}.Release|ARM64.Build.0 = Release|Any CPU
		{4EDE5534-EE31-48DB-B9A1-12CD02008A58}.Release|x64.ActiveCfg = Release|Any CPU
		{4EDE5534-EE31-48DB-B9A1-12CD02008A58}.Release|x64.Build.0 = Release|Any CPU
		{4EDE5534-EE31-48DB-B9A1-12CD02008A58}.Release|x86.ActiveCfg = Release|Any CPU
		{4EDE5534-EE31-48DB-B9A1-12CD02008A58}.Release|x86.Build.0 = Release|Any CPU
		{72A0959C-F5BE-426C-B38B-A680CDC7CCA0}.Debug|Any CPU.ActiveCfg = Debug|Any CPU
		{72A0959C-F5BE-426C-B38B-A680CDC7CCA0}.Debug|Any CPU.Build.0 = Debug|Any CPU
		{72A0959C-F5BE-426C-B38B-A680CDC7CCA0}.Debug|ARM.ActiveCfg = Debug|Any CPU
		{72A0959C-F5BE-426C-B38B-A680CDC7CCA0}.Debug|ARM.Build.0 = Debug|Any CPU
		{72A0959C-F5BE-426C-B38B-A680CDC7CCA0}.Debug|ARM64.ActiveCfg = Debug|Any CPU
		{72A0959C-F5BE-426C-B38B-A680CDC7CCA0}.Debug|ARM64.Build.0 = Debug|Any CPU
		{72A0959C-F5BE-426C-B38B-A680CDC7CCA0}.Debug|x64.ActiveCfg = Debug|Any CPU
		{72A0959C-F5BE-426C-B38B-A680CDC7CCA0}.Debug|x64.Build.0 = Debug|Any CPU
		{72A0959C-F5BE-426C-B38B-A680CDC7CCA0}.Debug|x86.ActiveCfg = Debug|Any CPU
		{72A0959C-F5BE-426C-B38B-A680CDC7CCA0}.Debug|x86.Build.0 = Debug|Any CPU
		{72A0959C-F5BE-426C-B38B-A680CDC7CCA0}.Release|Any CPU.ActiveCfg = Release|Any CPU
		{72A0959C-F5BE-426C-B38B-A680CDC7CCA0}.Release|Any CPU.Build.0 = Release|Any CPU
		{72A0959C-F5BE-426C-B38B-A680CDC7CCA0}.Release|ARM.ActiveCfg = Release|Any CPU
		{72A0959C-F5BE-426C-B38B-A680CDC7CCA0}.Release|ARM.Build.0 = Release|Any CPU
		{72A0959C-F5BE-426C-B38B-A680CDC7CCA0}.Release|ARM64.ActiveCfg = Release|Any CPU
		{72A0959C-F5BE-426C-B38B-A680CDC7CCA0}.Release|ARM64.Build.0 = Release|Any CPU
		{72A0959C-F5BE-426C-B38B-A680CDC7CCA0}.Release|x64.ActiveCfg = Release|Any CPU
		{72A0959C-F5BE-426C-B38B-A680CDC7CCA0}.Release|x64.Build.0 = Release|Any CPU
		{72A0959C-F5BE-426C-B38B-A680CDC7CCA0}.Release|x86.ActiveCfg = Release|Any CPU
		{72A0959C-F5BE-426C-B38B-A680CDC7CCA0}.Release|x86.Build.0 = Release|Any CPU
		{F3A806B6-32DA-4720-9C6B-2334B91B36D5}.Debug|Any CPU.ActiveCfg = Debug|Any CPU
		{F3A806B6-32DA-4720-9C6B-2334B91B36D5}.Debug|Any CPU.Build.0 = Debug|Any CPU
		{F3A806B6-32DA-4720-9C6B-2334B91B36D5}.Debug|ARM.ActiveCfg = Debug|Any CPU
		{F3A806B6-32DA-4720-9C6B-2334B91B36D5}.Debug|ARM.Build.0 = Debug|Any CPU
		{F3A806B6-32DA-4720-9C6B-2334B91B36D5}.Debug|ARM64.ActiveCfg = Debug|Any CPU
		{F3A806B6-32DA-4720-9C6B-2334B91B36D5}.Debug|ARM64.Build.0 = Debug|Any CPU
		{F3A806B6-32DA-4720-9C6B-2334B91B36D5}.Debug|x64.ActiveCfg = Debug|Any CPU
		{F3A806B6-32DA-4720-9C6B-2334B91B36D5}.Debug|x64.Build.0 = Debug|Any CPU
		{F3A806B6-32DA-4720-9C6B-2334B91B36D5}.Debug|x86.ActiveCfg = Debug|Any CPU
		{F3A806B6-32DA-4720-9C6B-2334B91B36D5}.Debug|x86.Build.0 = Debug|Any CPU
		{F3A806B6-32DA-4720-9C6B-2334B91B36D5}.Release|Any CPU.ActiveCfg = Release|Any CPU
		{F3A806B6-32DA-4720-9C6B-2334B91B36D5}.Release|Any CPU.Build.0 = Release|Any CPU
		{F3A806B6-32DA-4720-9C6B-2334B91B36D5}.Release|ARM.ActiveCfg = Release|Any CPU
		{F3A806B6-32DA-4720-9C6B-2334B91B36D5}.Release|ARM.Build.0 = Release|Any CPU
		{F3A806B6-32DA-4720-9C6B-2334B91B36D5}.Release|ARM64.ActiveCfg = Release|Any CPU
		{F3A806B6-32DA-4720-9C6B-2334B91B36D5}.Release|ARM64.Build.0 = Release|Any CPU
		{F3A806B6-32DA-4720-9C6B-2334B91B36D5}.Release|x64.ActiveCfg = Release|Any CPU
		{F3A806B6-32DA-4720-9C6B-2334B91B36D5}.Release|x64.Build.0 = Release|Any CPU
		{F3A806B6-32DA-4720-9C6B-2334B91B36D5}.Release|x86.ActiveCfg = Release|Any CPU
		{F3A806B6-32DA-4720-9C6B-2334B91B36D5}.Release|x86.Build.0 = Release|Any CPU
		{CC4BCFAD-7CF6-44AC-B508-F324C8C00808}.Debug|Any CPU.ActiveCfg = Debug|Any CPU
		{CC4BCFAD-7CF6-44AC-B508-F324C8C00808}.Debug|Any CPU.Build.0 = Debug|Any CPU
		{CC4BCFAD-7CF6-44AC-B508-F324C8C00808}.Debug|ARM.ActiveCfg = Debug|Any CPU
		{CC4BCFAD-7CF6-44AC-B508-F324C8C00808}.Debug|ARM.Build.0 = Debug|Any CPU
		{CC4BCFAD-7CF6-44AC-B508-F324C8C00808}.Debug|ARM64.ActiveCfg = Debug|Any CPU
		{CC4BCFAD-7CF6-44AC-B508-F324C8C00808}.Debug|ARM64.Build.0 = Debug|Any CPU
		{CC4BCFAD-7CF6-44AC-B508-F324C8C00808}.Debug|x64.ActiveCfg = Debug|Any CPU
		{CC4BCFAD-7CF6-44AC-B508-F324C8C00808}.Debug|x64.Build.0 = Debug|Any CPU
		{CC4BCFAD-7CF6-44AC-B508-F324C8C00808}.Debug|x86.ActiveCfg = Debug|Any CPU
		{CC4BCFAD-7CF6-44AC-B508-F324C8C00808}.Debug|x86.Build.0 = Debug|Any CPU
		{CC4BCFAD-7CF6-44AC-B508-F324C8C00808}.Release|Any CPU.ActiveCfg = Release|Any CPU
		{CC4BCFAD-7CF6-44AC-B508-F324C8C00808}.Release|Any CPU.Build.0 = Release|Any CPU
		{CC4BCFAD-7CF6-44AC-B508-F324C8C00808}.Release|ARM.ActiveCfg = Release|Any CPU
		{CC4BCFAD-7CF6-44AC-B508-F324C8C00808}.Release|ARM.Build.0 = Release|Any CPU
		{CC4BCFAD-7CF6-44AC-B508-F324C8C00808}.Release|ARM64.ActiveCfg = Release|Any CPU
		{CC4BCFAD-7CF6-44AC-B508-F324C8C00808}.Release|ARM64.Build.0 = Release|Any CPU
		{CC4BCFAD-7CF6-44AC-B508-F324C8C00808}.Release|x64.ActiveCfg = Release|Any CPU
		{CC4BCFAD-7CF6-44AC-B508-F324C8C00808}.Release|x64.Build.0 = Release|Any CPU
		{CC4BCFAD-7CF6-44AC-B508-F324C8C00808}.Release|x86.ActiveCfg = Release|Any CPU
		{CC4BCFAD-7CF6-44AC-B508-F324C8C00808}.Release|x86.Build.0 = Release|Any CPU
		{CD623A91-B1D0-4FE1-9EA2-515F0751F3C3}.Debug|Any CPU.ActiveCfg = Debug|Any CPU
		{CD623A91-B1D0-4FE1-9EA2-515F0751F3C3}.Debug|Any CPU.Build.0 = Debug|Any CPU
		{CD623A91-B1D0-4FE1-9EA2-515F0751F3C3}.Debug|ARM.ActiveCfg = Debug|Any CPU
		{CD623A91-B1D0-4FE1-9EA2-515F0751F3C3}.Debug|ARM.Build.0 = Debug|Any CPU
		{CD623A91-B1D0-4FE1-9EA2-515F0751F3C3}.Debug|ARM64.ActiveCfg = Debug|Any CPU
		{CD623A91-B1D0-4FE1-9EA2-515F0751F3C3}.Debug|ARM64.Build.0 = Debug|Any CPU
		{CD623A91-B1D0-4FE1-9EA2-515F0751F3C3}.Debug|x64.ActiveCfg = Debug|Any CPU
		{CD623A91-B1D0-4FE1-9EA2-515F0751F3C3}.Debug|x64.Build.0 = Debug|Any CPU
		{CD623A91-B1D0-4FE1-9EA2-515F0751F3C3}.Debug|x86.ActiveCfg = Debug|Any CPU
		{CD623A91-B1D0-4FE1-9EA2-515F0751F3C3}.Debug|x86.Build.0 = Debug|Any CPU
		{CD623A91-B1D0-4FE1-9EA2-515F0751F3C3}.Release|Any CPU.ActiveCfg = Release|Any CPU
		{CD623A91-B1D0-4FE1-9EA2-515F0751F3C3}.Release|Any CPU.Build.0 = Release|Any CPU
		{CD623A91-B1D0-4FE1-9EA2-515F0751F3C3}.Release|ARM.ActiveCfg = Release|Any CPU
		{CD623A91-B1D0-4FE1-9EA2-515F0751F3C3}.Release|ARM.Build.0 = Release|Any CPU
		{CD623A91-B1D0-4FE1-9EA2-515F0751F3C3}.Release|ARM64.ActiveCfg = Release|Any CPU
		{CD623A91-B1D0-4FE1-9EA2-515F0751F3C3}.Release|ARM64.Build.0 = Release|Any CPU
		{CD623A91-B1D0-4FE1-9EA2-515F0751F3C3}.Release|x64.ActiveCfg = Release|Any CPU
		{CD623A91-B1D0-4FE1-9EA2-515F0751F3C3}.Release|x64.Build.0 = Release|Any CPU
		{CD623A91-B1D0-4FE1-9EA2-515F0751F3C3}.Release|x86.ActiveCfg = Release|Any CPU
		{CD623A91-B1D0-4FE1-9EA2-515F0751F3C3}.Release|x86.Build.0 = Release|Any CPU
	EndGlobalSection
	GlobalSection(SolutionProperties) = preSolution
		HideSolutionNode = FALSE
	EndGlobalSection
	GlobalSection(NestedProjects) = preSolution
		{CC4BCFAD-7CF6-44AC-B508-F324C8C00808} = {D636547A-F0B0-495C-9805-CE0AF92849B4}
		{CD623A91-B1D0-4FE1-9EA2-515F0751F3C3} = {D636547A-F0B0-495C-9805-CE0AF92849B4}
	EndGlobalSection
	GlobalSection(ExtensibilityGlobals) = postSolution
		SolutionGuid = {E0D8C31B-7F68-42FE-B09F-7CAF599EBC2E}
	EndGlobalSection
EndGlobal
